
Microsoft Visual Studio Solution File, Format Version 12.00
# Visual Studio 15
VisualStudioVersion = 15.0.27004.2006
MinimumVisualStudioVersion = 10.0.40219.1
Project("{9A19103F-16F7-4668-BE54-9A1E7A4F7556}") = "TodoListLib", "TodoListLib\TodoListLib.csproj", "{12AD1AD2-6D37-4337-B7E4-C5315DF32356}"
EndProject
Project("{2150E333-8FDC-42A3-9474-1A3956D46DE8}") = "TodoList", "TodoList", "{6CD1C0EC-981F-4CA4-9F9A-88E0782838D9}"
EndProject
Project("{2150E333-8FDC-42A3-9474-1A3956D46DE8}") = "ImportCsvData", "ImportCsvData", "{7CB317D9-17F7-40AA-8F7A-E064BF0E7D5C}"
EndProject
Project("{9A19103F-16F7-4668-BE54-9A1E7A4F7556}") = "TodoListLib.Tests", "TodoListLib.Tests\TodoListLib.Tests.csproj", "{A8482FEE-22C6-4369-82E9-7B3594FA0147}"
EndProject
Project("{9A19103F-16F7-4668-BE54-9A1E7A4F7556}") = "ImportCsvData", "ImportFromCsvData\ImportCsvData.csproj", "{E2EADBC7-66EA-4437-8F4F-324591785B53}"
EndProject
Project("{FAE04EC0-301F-11D3-BF4B-00C04F79EFBC}") = "HelloWorldRavenDB4", "HelloWorldRavenDB4\HelloWorldRavenDB4.csproj", "{02E22011-5DE9-4118-B637-860E81EEB830}"
EndProject
Project("{FAE04EC0-301F-11D3-BF4B-00C04F79EFBC}") = "HandsOnProject", "HandsOnProject\HandsOnProject.csproj", "{0AD7799A-F697-48DA-AC19-1B80D137AFBB}"
EndProject
Global
	GlobalSection(SolutionConfigurationPlatforms) = preSolution
		Debug|Any CPU = Debug|Any CPU
		Release|Any CPU = Release|Any CPU
	EndGlobalSection
	GlobalSection(ProjectConfigurationPlatforms) = postSolution
		{12AD1AD2-6D37-4337-B7E4-C5315DF32356}.Debug|Any CPU.ActiveCfg = Debug|Any CPU
		{12AD1AD2-6D37-4337-B7E4-C5315DF32356}.Debug|Any CPU.Build.0 = Debug|Any CPU
		{12AD1AD2-6D37-4337-B7E4-C5315DF32356}.Release|Any CPU.ActiveCfg = Release|Any CPU
		{12AD1AD2-6D37-4337-B7E4-C5315DF32356}.Release|Any CPU.Build.0 = Release|Any CPU
		{A8482FEE-22C6-4369-82E9-7B3594FA0147}.Debug|Any CPU.ActiveCfg = Debug|Any CPU
		{A8482FEE-22C6-4369-82E9-7B3594FA0147}.Debug|Any CPU.Build.0 = Debug|Any CPU
		{A8482FEE-22C6-4369-82E9-7B3594FA0147}.Release|Any CPU.ActiveCfg = Release|Any CPU
		{A8482FEE-22C6-4369-82E9-7B3594FA0147}.Release|Any CPU.Build.0 = Release|Any CPU
		{E2EADBC7-66EA-4437-8F4F-324591785B53}.Debug|Any CPU.ActiveCfg = Debug|Any CPU
		{E2EADBC7-66EA-4437-8F4F-324591785B53}.Debug|Any CPU.Build.0 = Debug|Any CPU
		{E2EADBC7-66EA-4437-8F4F-324591785B53}.Release|Any CPU.ActiveCfg = Release|Any CPU
		{E2EADBC7-66EA-4437-8F4F-324591785B53}.Release|Any CPU.Build.0 = Release|Any CPU
		{02E22011-5DE9-4118-B637-860E81EEB830}.Debug|Any CPU.ActiveCfg = Debug|Any CPU
		{02E22011-5DE9-4118-B637-860E81EEB830}.Debug|Any CPU.Build.0 = Debug|Any CPU
		{02E22011-5DE9-4118-B637-860E81EEB830}.Release|Any CPU.ActiveCfg = Release|Any CPU
		{02E22011-5DE9-4118-B637-860E81EEB830}.Release|Any CPU.Build.0 = Release|Any CPU
		{0AD7799A-F697-48DA-AC19-1B80D137AFBB}.Debug|Any CPU.ActiveCfg = Debug|Any CPU
		{0AD7799A-F697-48DA-AC19-1B80D137AFBB}.Debug|Any CPU.Build.0 = Debug|Any CPU
		{0AD7799A-F697-48DA-AC19-1B80D137AFBB}.Release|Any CPU.ActiveCfg = Release|Any CPU
		{0AD7799A-F697-48DA-AC19-1B80D137AFBB}.Release|Any CPU.Build.0 = Release|Any CPU
	EndGlobalSection
	GlobalSection(SolutionProperties) = preSolution
		HideSolutionNode = FALSE
	EndGlobalSection
	GlobalSection(NestedProjects) = preSolution
		{12AD1AD2-6D37-4337-B7E4-C5315DF32356} = {6CD1C0EC-981F-4CA4-9F9A-88E0782838D9}
		{A8482FEE-22C6-4369-82E9-7B3594FA0147} = {6CD1C0EC-981F-4CA4-9F9A-88E0782838D9}
		{E2EADBC7-66EA-4437-8F4F-324591785B53} = {7CB317D9-17F7-40AA-8F7A-E064BF0E7D5C}
	EndGlobalSection
	GlobalSection(ExtensibilityGlobals) = postSolution
		SolutionGuid = {A3798C45-CEF3-4323-955D-3043097B0640}
	EndGlobalSection
EndGlobal
